<?xml version="1.0" encoding="UTF-8" standalone="yes" ?>
<CodeBlocks_project_file>
	<FileVersion major="1" minor="6" />
	<Project>
		<Option title="Paradigm Com-Server" />
		<Option pch_mode="2" />
		<Option compiler="gcc" />
		<Build>
			<Target title="Debug">
				<Option output="bin/Debug/Paradigm Com-Server" prefix_auto="1" extension_auto="1" />
				<Option object_output="obj/Debug/" />
				<Option type="1" />
				<Option compiler="gcc" />
				<Compiler>
					<Add option="-g" />
					<Add directory="include" />
				</Compiler>
			</Target>
			<Target title="Release">
				<Option output="bin/Release/Paradigm Com-Server" prefix_auto="1" extension_auto="1" />
				<Option object_output="obj/Release/" />
				<Option type="1" />
				<Option compiler="gcc" />
				<Compiler>
					<Add option="-O2" />
					<Add directory="include" />
				</Compiler>
				<Linker>
					<Add option="-s" />
				</Linker>
			</Target>
		</Build>
		<Compiler>
			<Add option="-Wall" />
			<Add option="-fexceptions" />
			<Add directory="include" />
		</Compiler>
		<Unit filename="include/ASHLEY.h" />
		<Unit filename="include/FileSystemTools.h" />
		<Unit filename="include/ParaChess.h" />
		<Unit filename="include/SAS.h" />
		<Unit filename="include/Serial.h" />
		<Unit filename="include/cpipe.h" />
		<Unit filename="include/e-mail.h" />
		<Unit filename="include/fileSystem.h" />
		<Unit filename="include/pstream.h" />
		<Unit filename="include/serialTools.h" />
		<Unit filename="include/spawn.h" />
		<Unit filename="include/tools.h" />
		<Unit filename="include/users.h" />
		<Unit filename="main.cpp" />
		<Unit filename="src/ASHLEY.cpp" />
		<Unit filename="src/FileSystemTools.cpp" />
		<Unit filename="src/ParaChess.cpp" />
		<Unit filename="src/SAS.cpp" />
		<Unit filename="src/Serial.cpp" />
		<Unit filename="src/e-mail.cpp" />
		<Unit filename="src/fileSystem.cpp" />
		<Unit filename="src/serialTools.cpp" />
		<Unit filename="src/tools.cpp" />
		<Unit filename="src/users.cpp" />
		<Extensions />
	</Project>
</CodeBlocks_project_file>
